{
  "version": 4,
  "terraform_version": "0.12.19",
  "serial": 29,
  "lineage": "ee3daae4-e86d-06ff-e428-2cba3cf04a67",
  "outputs": {
    "private_key": {
      "value": "-----BEGIN RSA PRIVATE KEY-----\nMIIJJwIBAAKCAgEAsBHNPI6uL2yhtHsQwSWMgrECMWsJFiDwv6Z5ppd8qmkrvhNy\nP2VMrz6qwz2I8tP89A7CyhSjNJAK1n4To1n1Cd5RU+ngvY+mBl1jKVVhowfEq/jz\nsZIvA7uksKPwKY7jyEoIcNXcX00SKZJISmZs/t9iSk07SUJ1oA9WRN4rraPdo9+j\nQMYWg+mVJk9iCI89ISN9X5IdI6LlEybljJuXYji5tDs0KIMQGhIPNQJViV6TTbvW\ncYbe8ktLcCEV3QTPqXQbIkTRtAN6d8L3C+ZP8bubZqJKVDmziOe9Ze2fvotUsZjo\nPUQRF/KU96E1bbRFlgZFFzmUFhRBvp+4ZUAUzM9Wp4rJ9rHbRHCnXIkN7QPg2Baa\nRFiHYn9iD0i56/obnDq3IlN8s0LN/4jHKg0l1n1pg8YMR0hfQnG8fsL6YQmRxdN4\nsud8iUB24fLLD29DK3eeT/l/CNPUwz+nqa63rtE8k6ys9fVOBRt4OlYB2iXdjXMZ\nBT4hs4jzcppQiDSns80uVYPhbq3N/zBlvlNIo9ekj6F/aPP0IDJSWGkzZoDa0PRh\n8Fi7XdQ9uxSIY6h1y76yeqMMILxHu+tx00ZcxhdDTRoxF1+V5PqsEYPbD49ylQrw\n4ITSMVvrTnOZLnHWRskAeFZ6kyg7dy16ZRt9YS8w3+j4/pOz7EkrbZIDFu8CAwEA\nAQKCAgBcBTHK0Jdg2dm5xgf/qmxBcdm/kj1xf03UHGHAG7RgLA9cjDVNxNfLT2lY\nGTUWFI1D0OMlUpvpwM6pQ8NnwIA85CCFRtrat9UBxpUo6SLaXhj/+GEFEW3Y+Z0d\nZNEEJ1YNPAQlVOCUPmebqoR1vgqBOqbYRn0R0NZBDUL9Q1B4tAgGub9M/zqNPutg\n1mRaLOK6Cx5fcLIiCeTHmbCnSDpab2M/OyILelRUC9Q+1DV4UiGSovV06BRldcy7\nkc8ncHhIDBKSWn1vI9JB/Xe4lGp74J1bir5mPrICf3uRZhvzLkbZex0FyClW5sXM\nlkiiSXGE80nw1Xr7/yJNSpTI9jDn6/GGPjSvNWppTGM2q4z1YFyX+FbtLA1Xajjj\nSVHsQgyVe+MThXlQEgm9YFTckndpIMQoIscVvnRA83P7tJz7dyYpzoSZwIKBbbu4\n5JihJHcPmIoPtozeTyxk3iV+CqJx9/5Xf2M6IG0U0IYA6Ng3kl+JeS5omcRgM8H4\nyL2t0DWSYlYT5QV2D/rjGYzx4FVuHCz/YvwSbGgPj59z5oJdPUTfaMuMNiRP5R+u\nwgYpTi4PuiAQ/K0oO5Y4brKh3/M6GDIqVLopONMZIYWpXLGUypMBPYc81VayHy4f\n8TkjLtAG2F3u42jG0M9JeheWuvxXGBcZCLv7NA2kgJo5Wc2B4QKCAQEAzHs3xcPJ\nQVqVLcQ8ZOvfNke15/FfcabA7JpnqmukUizgj0iYJl1oWodPExWgP7yc05fSMyRZ\nK0DaGKgvWMnO6fOwxVxpB8/9Ej81EnEbUZJi5kQUC6uGS6qz8B4figUqCjrbWsyc\nih/BaHkNxXQ0mwMv3zTa9y9rB1ssm8udAC9lyRJOjyeTv4Mj6SPt1/rpJwLK13r5\nMptqQbN2PCfjf4w0YRmuNYcR5bWDW7rSTTR6px8sCn4JOf0T1d1BW4eZwgmkP8nL\nh0I1gPUkMqfJqu4CZh6VkUaJ9pywTyoJQA6O/MSofPcufCVO9NuzJjdTDcuo+Jjb\n8s9J8/x4oMTPEwKCAQEA3G4PefaPqYhCB7Btylugdp2lNbGNfk/ohR15nynqHIVa\nWrz2KB+UfIRmLrQaQ+OnFOWv96lakK6ZzFoBFSkBqixwrnR63XW0Jlihixs3+Mwb\npuUowtTRovX7Ba0k+V/SVuTnbFBjb7sYdR7pucWE77L2szF+Ma7aVpaJD4qjxOcF\nOEZQPOo0ODfhInwOYwiAaRjoZT3i4aVGVxyZmoHm66WDsHf3BqZOEtQ+hoLNgTpW\nM/LFk6LVOUwIGoUrUxoZJNn5KYjih12vnstxrep3CmXPqGAhx7iub+sZrX/iUTyZ\nY/rxabRYrAp7BeDZV4ThlQRXy8ZwqC5xfuXgUFnoNQKCAQEAt7eVWogX0DIUijQf\nlwUdXWV8mFITUMdj2rC3pzRjRLmxYMr2eLG/ymZ7s0fg3KMXvDxRzUVBIE16JmEl\neP6Ie0ZJcmkerLhARh6oDlO1GcsONJjB8eJAHMfYN0q5R4ZwSRSsdJ4Vnzv8x2LL\n7rYDdaqdXkvc1+2wmcFfCPMdskbjio56KsCCTLUElLmFPmHfDP/DQ2rnboKYK0OU\nXWPxUG2lugAat1kNyXcV+FqYDGm0MWceaKbon0M0iRfrWtMwYFfNTMp/pJzl+WFH\nDoQV+w8w9JNSCl54IiyRc+7utLDf41bFktF64Guczv59rT5TzrdGr2SXaUa4yQ/z\nSW7KJQKCAQEAg3r2qkYCbRoEYLfA1SoQLZBcwgk1H7mkNPpe2CxVI0v7mBIMNeSY\nWilTFdqBrCr3N0TF0FDo31H2FOk+qhN6lbnKQJTj0ILrwM+vE91ZZoLAn60iwgvV\nO4HDiCA95K1eNkx1KatNlJChxwJ4YUHKyHsUIdCMuC/Wtj02ZdnJU6KE/4sZQyxj\nl4DlPf+HSVUB2y5rODBQy00dBsrdaEbBqZ9hTHpSE1pRSXPmE6+jysg0MOpHJYfD\n7VhHoSH7tKblhpCpyTeH/zxHi81H8nffJ4mQ8prcq1eiXMl72HxmTxR5XiSJqQZU\nudHKjbgPi9+L+qnLgJXODtMdCZcuVF88XQKB/zuAnzTvCl2ZchoUkShz3GytlmcW\nZiEKqCgSQB4TBQaC/McaYXALa3qhMwx6h6NK640hpDbVp2y1Jz8Yn2cTWCwZKX/q\niN7fID5FdTSG1i4HptwUSfcoI+yvVHS8L1EnJIEvWA732lbwpUHfsxHfSdwcKBvV\nLsob8LUOrqvvS30hmrfh9sCmwYBCNNudXTM5472I1S/0pAakz2yhzp6v1vrxCxMj\nsAtZGStOvpQ4JfDPLBuEYpQo8Mcz/Q4PksLYlHD29mjoj7Zbf8LPRKwz0//XZqtG\n032GGYbUvh/XatWYaGo3T/MChmaPeEXEXBo2CiIJEpK9NTsvAnAEfE9odw==\n-----END RSA PRIVATE KEY-----\n",
      "type": "string",
      "sensitive": true
    }
  },
  "resources": [
    {
      "mode": "managed",
      "type": "aws_elb",
      "name": "lb",
      "provider": "provider.aws",
      "instances": [
        {
          "schema_version": 0,
          "attributes": {
            "access_logs": [],
            "arn": "arn:aws:elasticloadbalancing:us-east-1:018874676986:loadbalancer/DEV-20200113002547530400000001",
            "availability_zones": [
              "us-east-1a",
              "us-east-1b"
            ],
            "connection_draining": false,
            "connection_draining_timeout": 300,
            "cross_zone_load_balancing": true,
            "dns_name": "DEV-20200113002547530400000001-1023249160.us-east-1.elb.amazonaws.com",
            "health_check": [
              {
                "healthy_threshold": 2,
                "interval": 30,
                "target": "HTTP:80/",
                "timeout": 3,
                "unhealthy_threshold": 2
              }
            ],
            "id": "DEV-20200113002547530400000001",
            "idle_timeout": 60,
            "instances": [
              "i-00051e6732667e259",
              "i-0db898894e5ac9fed"
            ],
            "internal": false,
            "listener": [
              {
                "instance_port": 80,
                "instance_protocol": "http",
                "lb_port": 80,
                "lb_protocol": "http",
                "ssl_certificate_id": ""
              }
            ],
            "name": "DEV-20200113002547530400000001",
            "name_prefix": "DEV-",
            "security_groups": [
              "sg-0671bb4e413f13a7a"
            ],
            "source_security_group": "018874676986/LoadBalancerSG",
            "source_security_group_id": "sg-0671bb4e413f13a7a",
            "subnets": [
              "subnet-02d639220d7a672e6",
              "subnet-032c1fe3d4929541e"
            ],
            "tags": null,
            "zone_id": "Z35SXDOTRQ7X7K"
          },
          "private": "bnVsbA==",
          "dependencies": [
            "aws_instance.WEB_A",
            "aws_instance.WEB_B",
            "aws_key_pair.keypair",
            "aws_security_group.LoadBalancerSG",
            "aws_security_group.WebserverSG",
            "aws_security_group.bastionhostSG",
            "aws_subnet.public-web-az-a",
            "aws_subnet.public-web-az-b",
            "aws_vpc.vpc",
            "tls_private_key.privkey"
          ]
        }
      ]
    },
    {
      "mode": "managed",
      "type": "aws_instance",
      "name": "BASTIONHOST_A",
      "provider": "provider.aws",
      "instances": [
        {
          "schema_version": 1,
          "attributes": {
            "ami": "ami-cfe4b2b0",
            "arn": "arn:aws:ec2:us-east-1:018874676986:instance/i-0a0870cd391b2e8c4",
            "associate_public_ip_address": true,
            "availability_zone": "us-east-1a",
            "cpu_core_count": 1,
            "cpu_threads_per_core": 1,
            "credit_specification": [
              {
                "cpu_credits": "standard"
              }
            ],
            "disable_api_termination": false,
            "ebs_block_device": [],
            "ebs_optimized": false,
            "ephemeral_block_device": [],
            "get_password_data": false,
            "host_id": null,
            "iam_instance_profile": "",
            "id": "i-0a0870cd391b2e8c4",
            "instance_initiated_shutdown_behavior": null,
            "instance_state": "running",
            "instance_type": "t2.micro",
            "ipv6_address_count": 0,
            "ipv6_addresses": [],
            "key_name": "ec2key",
            "monitoring": false,
            "network_interface": [],
            "network_interface_id": null,
            "password_data": "",
            "placement_group": "",
            "primary_network_interface_id": "eni-0b9f3e7ccfa01d3a8",
            "private_dns": "ip-10-0-1-14.ec2.internal",
            "private_ip": "10.0.1.14",
            "public_dns": "ec2-3-92-205-93.compute-1.amazonaws.com",
            "public_ip": "3.92.205.93",
            "root_block_device": [
              {
                "delete_on_termination": true,
                "encrypted": false,
                "iops": 100,
                "kms_key_id": "",
                "volume_id": "vol-08c093dde06af91ab",
                "volume_size": 8,
                "volume_type": "gp2"
              }
            ],
            "security_groups": [],
            "source_dest_check": true,
            "subnet_id": "subnet-032c1fe3d4929541e",
            "tags": {
              "Environment": "DEV",
              "Name": "DEV-BASTION001",
              "sshUser": "ubuntu"
            },
            "tenancy": "default",
            "timeouts": null,
            "user_data": null,
            "user_data_base64": null,
            "volume_tags": {},
            "vpc_security_group_ids": [
              "sg-00307d1f9d11021d4"
            ]
          },
          "private": "eyJlMmJmYjczMC1lY2FhLTExZTYtOGY4OC0zNDM2M2JjN2M0YzAiOnsiY3JlYXRlIjo2MDAwMDAwMDAwMDAsImRlbGV0ZSI6MTIwMDAwMDAwMDAwMCwidXBkYXRlIjo2MDAwMDAwMDAwMDB9LCJzY2hlbWFfdmVyc2lvbiI6IjEifQ==",
          "dependencies": [
            "aws_key_pair.keypair",
            "aws_security_group.bastionhostSG",
            "aws_subnet.public-web-az-a",
            "aws_vpc.vpc",
            "tls_private_key.privkey"
          ]
        }
      ]
    },
    {
      "mode": "managed",
      "type": "aws_instance",
      "name": "BASTIONHOST_B",
      "provider": "provider.aws",
      "instances": [
        {
          "schema_version": 1,
          "attributes": {
            "ami": "ami-cfe4b2b0",
            "arn": "arn:aws:ec2:us-east-1:018874676986:instance/i-0ffb85a0e20d75c5f",
            "associate_public_ip_address": true,
            "availability_zone": "us-east-1b",
            "cpu_core_count": 1,
            "cpu_threads_per_core": 1,
            "credit_specification": [
              {
                "cpu_credits": "standard"
              }
            ],
            "disable_api_termination": false,
            "ebs_block_device": [],
            "ebs_optimized": false,
            "ephemeral_block_device": [],
            "get_password_data": false,
            "host_id": null,
            "iam_instance_profile": "",
            "id": "i-0ffb85a0e20d75c5f",
            "instance_initiated_shutdown_behavior": null,
            "instance_state": "running",
            "instance_type": "t2.micro",
            "ipv6_address_count": 0,
            "ipv6_addresses": [],
            "key_name": "ec2key",
            "monitoring": false,
            "network_interface": [],
            "network_interface_id": null,
            "password_data": "",
            "placement_group": "",
            "primary_network_interface_id": "eni-06f11db37614bb2d9",
            "private_dns": "ip-10-0-2-252.ec2.internal",
            "private_ip": "10.0.2.252",
            "public_dns": "ec2-52-91-161-214.compute-1.amazonaws.com",
            "public_ip": "52.91.161.214",
            "root_block_device": [
              {
                "delete_on_termination": true,
                "encrypted": false,
                "iops": 100,
                "kms_key_id": "",
                "volume_id": "vol-00012bc6a4d22ba8a",
                "volume_size": 8,
                "volume_type": "gp2"
              }
            ],
            "security_groups": [],
            "source_dest_check": true,
            "subnet_id": "subnet-02d639220d7a672e6",
            "tags": {
              "Environment": "DEV",
              "Name": "DEV-BASTION002",
              "sshUser": "ubuntu"
            },
            "tenancy": "default",
            "timeouts": null,
            "user_data": null,
            "user_data_base64": null,
            "volume_tags": {},
            "vpc_security_group_ids": [
              "sg-00307d1f9d11021d4"
            ]
          },
          "private": "eyJlMmJmYjczMC1lY2FhLTExZTYtOGY4OC0zNDM2M2JjN2M0YzAiOnsiY3JlYXRlIjo2MDAwMDAwMDAwMDAsImRlbGV0ZSI6MTIwMDAwMDAwMDAwMCwidXBkYXRlIjo2MDAwMDAwMDAwMDB9LCJzY2hlbWFfdmVyc2lvbiI6IjEifQ==",
          "dependencies": [
            "aws_key_pair.keypair",
            "aws_security_group.bastionhostSG",
            "aws_subnet.public-web-az-b",
            "aws_vpc.vpc",
            "tls_private_key.privkey"
          ]
        }
      ]
    },
    {
      "mode": "managed",
      "type": "aws_instance",
      "name": "SQL_A",
      "provider": "provider.aws",
      "instances": [
        {
          "schema_version": 1,
          "attributes": {
            "ami": "ami-cfe4b2b0",
            "arn": "arn:aws:ec2:us-east-1:018874676986:instance/i-02f38194c7c916baa",
            "associate_public_ip_address": false,
            "availability_zone": "us-east-1a",
            "cpu_core_count": 1,
            "cpu_threads_per_core": 1,
            "credit_specification": [
              {
                "cpu_credits": "standard"
              }
            ],
            "disable_api_termination": false,
            "ebs_block_device": [],
            "ebs_optimized": false,
            "ephemeral_block_device": [],
            "get_password_data": false,
            "host_id": null,
            "iam_instance_profile": "",
            "id": "i-02f38194c7c916baa",
            "instance_initiated_shutdown_behavior": null,
            "instance_state": "running",
            "instance_type": "t2.micro",
            "ipv6_address_count": 0,
            "ipv6_addresses": [],
            "key_name": "ec2key",
            "monitoring": false,
            "network_interface": [],
            "network_interface_id": null,
            "password_data": "",
            "placement_group": "",
            "primary_network_interface_id": "eni-083167bdf7b53c424",
            "private_dns": "ip-10-0-3-135.ec2.internal",
            "private_ip": "10.0.3.135",
            "public_dns": "",
            "public_ip": "",
            "root_block_device": [
              {
                "delete_on_termination": true,
                "encrypted": false,
                "iops": 100,
                "kms_key_id": "",
                "volume_id": "vol-0a92d5cec515d4b19",
                "volume_size": 8,
                "volume_type": "gp2"
              }
            ],
            "security_groups": [],
            "source_dest_check": true,
            "subnet_id": "subnet-0c68a778b8822697d",
            "tags": {
              "Environment": "DEV",
              "Name": "DEV-SQL001",
              "sshUser": "ubuntu"
            },
            "tenancy": "default",
            "timeouts": null,
            "user_data": null,
            "user_data_base64": null,
            "volume_tags": {},
            "vpc_security_group_ids": [
              "sg-0046c8ca7a255ed81"
            ]
          },
          "private": "eyJlMmJmYjczMC1lY2FhLTExZTYtOGY4OC0zNDM2M2JjN2M0YzAiOnsiY3JlYXRlIjo2MDAwMDAwMDAwMDAsImRlbGV0ZSI6MTIwMDAwMDAwMDAwMCwidXBkYXRlIjo2MDAwMDAwMDAwMDB9LCJzY2hlbWFfdmVyc2lvbiI6IjEifQ==",
          "dependencies": [
            "aws_key_pair.keypair",
            "aws_security_group.DBServerSG",
            "aws_security_group.WebserverSG",
            "aws_security_group.bastionhostSG",
            "aws_subnet.private-db-az-a",
            "aws_vpc.vpc",
            "tls_private_key.privkey"
          ]
        }
      ]
    },
    {
      "mode": "managed",
      "type": "aws_instance",
      "name": "SQL_B",
      "provider": "provider.aws",
      "instances": [
        {
          "schema_version": 1,
          "attributes": {
            "ami": "ami-cfe4b2b0",
            "arn": "arn:aws:ec2:us-east-1:018874676986:instance/i-093b8ec8dc41ae150",
            "associate_public_ip_address": false,
            "availability_zone": "us-east-1b",
            "cpu_core_count": 1,
            "cpu_threads_per_core": 1,
            "credit_specification": [
              {
                "cpu_credits": "standard"
              }
            ],
            "disable_api_termination": false,
            "ebs_block_device": [],
            "ebs_optimized": false,
            "ephemeral_block_device": [],
            "get_password_data": false,
            "host_id": null,
            "iam_instance_profile": "",
            "id": "i-093b8ec8dc41ae150",
            "instance_initiated_shutdown_behavior": null,
            "instance_state": "running",
            "instance_type": "t2.micro",
            "ipv6_address_count": 0,
            "ipv6_addresses": [],
            "key_name": "ec2key",
            "monitoring": false,
            "network_interface": [],
            "network_interface_id": null,
            "password_data": "",
            "placement_group": "",
            "primary_network_interface_id": "eni-07fd765138cf534c1",
            "private_dns": "ip-10-0-4-54.ec2.internal",
            "private_ip": "10.0.4.54",
            "public_dns": "",
            "public_ip": "",
            "root_block_device": [
              {
                "delete_on_termination": true,
                "encrypted": false,
                "iops": 100,
                "kms_key_id": "",
                "volume_id": "vol-0d336ff9eb52b60cd",
                "volume_size": 8,
                "volume_type": "gp2"
              }
            ],
            "security_groups": [],
            "source_dest_check": true,
            "subnet_id": "subnet-0be825e0215f000b2",
            "tags": {
              "Environment": "DEV",
              "Name": "DEV-SQL002",
              "sshUser": "ubuntu"
            },
            "tenancy": "default",
            "timeouts": null,
            "user_data": null,
            "user_data_base64": null,
            "volume_tags": {},
            "vpc_security_group_ids": [
              "sg-0046c8ca7a255ed81"
            ]
          },
          "private": "eyJlMmJmYjczMC1lY2FhLTExZTYtOGY4OC0zNDM2M2JjN2M0YzAiOnsiY3JlYXRlIjo2MDAwMDAwMDAwMDAsImRlbGV0ZSI6MTIwMDAwMDAwMDAwMCwidXBkYXRlIjo2MDAwMDAwMDAwMDB9LCJzY2hlbWFfdmVyc2lvbiI6IjEifQ==",
          "dependencies": [
            "aws_key_pair.keypair",
            "aws_security_group.DBServerSG",
            "aws_security_group.WebserverSG",
            "aws_security_group.bastionhostSG",
            "aws_subnet.private-db-az-b",
            "aws_vpc.vpc",
            "tls_private_key.privkey"
          ]
        }
      ]
    },
    {
      "mode": "managed",
      "type": "aws_instance",
      "name": "WEB_A",
      "provider": "provider.aws",
      "instances": [
        {
          "schema_version": 1,
          "attributes": {
            "ami": "ami-cfe4b2b0",
            "arn": "arn:aws:ec2:us-east-1:018874676986:instance/i-00051e6732667e259",
            "associate_public_ip_address": true,
            "availability_zone": "us-east-1a",
            "cpu_core_count": 1,
            "cpu_threads_per_core": 1,
            "credit_specification": [
              {
                "cpu_credits": "standard"
              }
            ],
            "disable_api_termination": false,
            "ebs_block_device": [],
            "ebs_optimized": false,
            "ephemeral_block_device": [],
            "get_password_data": false,
            "host_id": null,
            "iam_instance_profile": "",
            "id": "i-00051e6732667e259",
            "instance_initiated_shutdown_behavior": null,
            "instance_state": "running",
            "instance_type": "t2.micro",
            "ipv6_address_count": 0,
            "ipv6_addresses": [],
            "key_name": "ec2key",
            "monitoring": false,
            "network_interface": [],
            "network_interface_id": null,
            "password_data": "",
            "placement_group": "",
            "primary_network_interface_id": "eni-0e90d5caad4d5fa67",
            "private_dns": "ip-10-0-1-241.ec2.internal",
            "private_ip": "10.0.1.241",
            "public_dns": "ec2-52-71-8-110.compute-1.amazonaws.com",
            "public_ip": "52.71.8.110",
            "root_block_device": [
              {
                "delete_on_termination": true,
                "encrypted": false,
                "iops": 100,
                "kms_key_id": "",
                "volume_id": "vol-0e4589177d77013ec",
                "volume_size": 8,
                "volume_type": "gp2"
              }
            ],
            "security_groups": [],
            "source_dest_check": true,
            "subnet_id": "subnet-032c1fe3d4929541e",
            "tags": {
              "Environment": "DEV",
              "Name": "DEV-WEB001",
              "sshUser": "ubuntu"
            },
            "tenancy": "default",
            "timeouts": null,
            "user_data": null,
            "user_data_base64": null,
            "volume_tags": {},
            "vpc_security_group_ids": [
              "sg-09f6e0c09d820a1cb"
            ]
          },
          "private": "eyJlMmJmYjczMC1lY2FhLTExZTYtOGY4OC0zNDM2M2JjN2M0YzAiOnsiY3JlYXRlIjo2MDAwMDAwMDAwMDAsImRlbGV0ZSI6MTIwMDAwMDAwMDAwMCwidXBkYXRlIjo2MDAwMDAwMDAwMDB9LCJzY2hlbWFfdmVyc2lvbiI6IjEifQ==",
          "dependencies": [
            "aws_key_pair.keypair",
            "aws_security_group.WebserverSG",
            "aws_security_group.bastionhostSG",
            "aws_subnet.public-web-az-a",
            "aws_vpc.vpc",
            "tls_private_key.privkey"
          ]
        }
      ]
    },
    {
      "mode": "managed",
      "type": "aws_instance",
      "name": "WEB_B",
      "provider": "provider.aws",
      "instances": [
        {
          "schema_version": 1,
          "attributes": {
            "ami": "ami-cfe4b2b0",
            "arn": "arn:aws:ec2:us-east-1:018874676986:instance/i-0db898894e5ac9fed",
            "associate_public_ip_address": true,
            "availability_zone": "us-east-1b",
            "cpu_core_count": 1,
            "cpu_threads_per_core": 1,
            "credit_specification": [
              {
                "cpu_credits": "standard"
              }
            ],
            "disable_api_termination": false,
            "ebs_block_device": [],
            "ebs_optimized": false,
            "ephemeral_block_device": [],
            "get_password_data": false,
            "host_id": null,
            "iam_instance_profile": "",
            "id": "i-0db898894e5ac9fed",
            "instance_initiated_shutdown_behavior": null,
            "instance_state": "running",
            "instance_type": "t2.micro",
            "ipv6_address_count": 0,
            "ipv6_addresses": [],
            "key_name": "ec2key",
            "monitoring": false,
            "network_interface": [],
            "network_interface_id": null,
            "password_data": "",
            "placement_group": "",
            "primary_network_interface_id": "eni-08defd43398f87fc6",
            "private_dns": "ip-10-0-2-79.ec2.internal",
            "private_ip": "10.0.2.79",
            "public_dns": "ec2-18-208-194-8.compute-1.amazonaws.com",
            "public_ip": "18.208.194.8",
            "root_block_device": [
              {
                "delete_on_termination": true,
                "encrypted": false,
                "iops": 100,
                "kms_key_id": "",
                "volume_id": "vol-056c53bd34a98c8e7",
                "volume_size": 8,
                "volume_type": "gp2"
              }
            ],
            "security_groups": [],
            "source_dest_check": true,
            "subnet_id": "subnet-02d639220d7a672e6",
            "tags": {
              "Environment": "DEV",
              "Name": "DEV-WEB002",
              "sshUser": "ubuntu"
            },
            "tenancy": "default",
            "timeouts": null,
            "user_data": null,
            "user_data_base64": null,
            "volume_tags": {},
            "vpc_security_group_ids": [
              "sg-09f6e0c09d820a1cb"
            ]
          },
          "private": "eyJlMmJmYjczMC1lY2FhLTExZTYtOGY4OC0zNDM2M2JjN2M0YzAiOnsiY3JlYXRlIjo2MDAwMDAwMDAwMDAsImRlbGV0ZSI6MTIwMDAwMDAwMDAwMCwidXBkYXRlIjo2MDAwMDAwMDAwMDB9LCJzY2hlbWFfdmVyc2lvbiI6IjEifQ==",
          "dependencies": [
            "aws_key_pair.keypair",
            "aws_security_group.WebserverSG",
            "aws_security_group.bastionhostSG",
            "aws_subnet.public-web-az-b",
            "aws_vpc.vpc",
            "tls_private_key.privkey"
          ]
        }
      ]
    },
    {
      "mode": "managed",
      "type": "aws_internet_gateway",
      "name": "inetgw",
      "provider": "provider.aws",
      "instances": [
        {
          "schema_version": 0,
          "attributes": {
            "id": "igw-0cadd2db5b7b3e72d",
            "owner_id": "018874676986",
            "tags": {
              "Name": "IGW-VPC-DEV-Default"
            },
            "vpc_id": "vpc-0acc24fe745a8886b"
          },
          "private": "bnVsbA==",
          "dependencies": [
            "aws_vpc.vpc"
          ]
        }
      ]
    },
    {
      "mode": "managed",
      "type": "aws_key_pair",
      "name": "keypair",
      "provider": "provider.aws",
      "instances": [
        {
          "schema_version": 1,
          "attributes": {
            "fingerprint": "19:cc:e4:06:39:e5:f1:01:c5:f4:a0:b6:5b:23:7c:f9",
            "id": "ec2key",
            "key_name": "ec2key",
            "key_name_prefix": null,
            "public_key": "ssh-rsa AAAAB3NzaC1yc2EAAAADAQABAAACAQCwEc08jq4vbKG0exDBJYyCsQIxawkWIPC/pnmml3yqaSu+E3I/ZUyvPqrDPYjy0/z0DsLKFKM0kArWfhOjWfUJ3lFT6eC9j6YGXWMpVWGjB8Sr+POxki8Du6Swo/ApjuPISghw1dxfTRIpkkhKZmz+32JKTTtJQnWgD1ZE3iuto92j36NAxhaD6ZUmT2IIjz0hI31fkh0jouUTJuWMm5diOLm0OzQogxAaEg81AlWJXpNNu9Zxht7yS0twIRXdBM+pdBsiRNG0A3p3wvcL5k/xu5tmokpUObOI571l7Z++i1SxmOg9RBEX8pT3oTVttEWWBkUXOZQWFEG+n7hlQBTMz1anisn2sdtEcKdciQ3tA+DYFppEWIdif2IPSLnr+hucOrciU3yzQs3/iMcqDSXWfWmDxgxHSF9Ccbx+wvphCZHF03iy53yJQHbh8ssPb0Mrd55P+X8I09TDP6eprreu0TyTrKz19U4FG3g6VgHaJd2NcxkFPiGziPNymlCINKezzS5Vg+Furc3/MGW+U0ij16SPoX9o8/QgMlJYaTNmgNrQ9GHwWLtd1D27FIhjqHXLvrJ6owwgvEe763HTRlzGF0NNGjEXX5Xk+qwRg9sPj3KVCvDghNIxW+tOc5kucdZGyQB4VnqTKDt3LXplG31hLzDf6Pj+k7PsSSttkgMW7w=="
          },
          "private": "eyJzY2hlbWFfdmVyc2lvbiI6IjEifQ==",
          "dependencies": [
            "tls_private_key.privkey"
          ]
        }
      ]
    },
    {
      "mode": "managed",
      "type": "aws_route_table",
      "name": "us-default",
      "provider": "provider.aws",
      "instances": [
        {
          "schema_version": 0,
          "attributes": {
            "id": "rtb-0a2cb7ac2445bb575",
            "owner_id": "018874676986",
            "propagating_vgws": [],
            "route": [
              {
                "cidr_block": "0.0.0.0/0",
                "egress_only_gateway_id": "",
                "gateway_id": "igw-0cadd2db5b7b3e72d",
                "instance_id": "",
                "ipv6_cidr_block": "",
                "nat_gateway_id": "",
                "network_interface_id": "",
                "transit_gateway_id": "",
                "vpc_peering_connection_id": ""
              }
            ],
            "tags": {
              "Name": "Route-Table-US-Default"
            },
            "vpc_id": "vpc-0acc24fe745a8886b"
          },
          "private": "bnVsbA==",
          "dependencies": [
            "aws_internet_gateway.inetgw",
            "aws_vpc.vpc"
          ]
        }
      ]
    },
    {
      "mode": "managed",
      "type": "aws_route_table_association",
      "name": "us-east-1a-private",
      "provider": "provider.aws",
      "instances": [
        {
          "schema_version": 0,
          "attributes": {
            "gateway_id": null,
            "id": "rtbassoc-0a75cbd84e1ff8682",
            "route_table_id": "rtb-0a2cb7ac2445bb575",
            "subnet_id": "subnet-0c68a778b8822697d"
          },
          "private": "bnVsbA==",
          "dependencies": [
            "aws_internet_gateway.inetgw",
            "aws_route_table.us-default",
            "aws_subnet.private-db-az-a",
            "aws_vpc.vpc"
          ]
        }
      ]
    },
    {
      "mode": "managed",
      "type": "aws_route_table_association",
      "name": "us-east-1a-public",
      "provider": "provider.aws",
      "instances": [
        {
          "schema_version": 0,
          "attributes": {
            "gateway_id": null,
            "id": "rtbassoc-0437dca8278beb37a",
            "route_table_id": "rtb-0a2cb7ac2445bb575",
            "subnet_id": "subnet-032c1fe3d4929541e"
          },
          "private": "bnVsbA==",
          "dependencies": [
            "aws_internet_gateway.inetgw",
            "aws_route_table.us-default",
            "aws_subnet.public-web-az-a",
            "aws_vpc.vpc"
          ]
        }
      ]
    },
    {
      "mode": "managed",
      "type": "aws_route_table_association",
      "name": "us-east-1b-private",
      "provider": "provider.aws",
      "instances": [
        {
          "schema_version": 0,
          "attributes": {
            "gateway_id": null,
            "id": "rtbassoc-056a493196c894339",
            "route_table_id": "rtb-0a2cb7ac2445bb575",
            "subnet_id": "subnet-0be825e0215f000b2"
          },
          "private": "bnVsbA==",
          "dependencies": [
            "aws_internet_gateway.inetgw",
            "aws_route_table.us-default",
            "aws_subnet.private-db-az-b",
            "aws_vpc.vpc"
          ]
        }
      ]
    },
    {
      "mode": "managed",
      "type": "aws_route_table_association",
      "name": "us-east-1b-public",
      "provider": "provider.aws",
      "instances": [
        {
          "schema_version": 0,
          "attributes": {
            "gateway_id": null,
            "id": "rtbassoc-04c6764ef765078aa",
            "route_table_id": "rtb-0a2cb7ac2445bb575",
            "subnet_id": "subnet-02d639220d7a672e6"
          },
          "private": "bnVsbA==",
          "dependencies": [
            "aws_internet_gateway.inetgw",
            "aws_route_table.us-default",
            "aws_subnet.public-web-az-b",
            "aws_vpc.vpc"
          ]
        }
      ]
    },
    {
      "mode": "managed",
      "type": "aws_security_group",
      "name": "DBServerSG",
      "provider": "provider.aws",
      "instances": [
        {
          "schema_version": 1,
          "attributes": {
            "arn": "arn:aws:ec2:us-east-1:018874676986:security-group/sg-0046c8ca7a255ed81",
            "description": "Security group for database servers",
            "egress": [
              {
                "cidr_blocks": [],
                "description": "",
                "from_port": 3128,
                "ipv6_cidr_blocks": [],
                "prefix_list_ids": [],
                "protocol": "tcp",
                "security_groups": [
                  "sg-00307d1f9d11021d4"
                ],
                "self": false,
                "to_port": 3128
              }
            ],
            "id": "sg-0046c8ca7a255ed81",
            "ingress": [
              {
                "cidr_blocks": [],
                "description": "Allow incoming ICMP from management IPs",
                "from_port": -1,
                "ipv6_cidr_blocks": [],
                "prefix_list_ids": [],
                "protocol": "icmp",
                "security_groups": [
                  "sg-00307d1f9d11021d4"
                ],
                "self": false,
                "to_port": -1
              },
              {
                "cidr_blocks": [],
                "description": "Allow incoming MySQL traffic from webservers",
                "from_port": 3306,
                "ipv6_cidr_blocks": [],
                "prefix_list_ids": [],
                "protocol": "tcp",
                "security_groups": [
                  "sg-09f6e0c09d820a1cb"
                ],
                "self": false,
                "to_port": 3306
              },
              {
                "cidr_blocks": [],
                "description": "Allow incoming SSH traffic from Bastion Host",
                "from_port": 22,
                "ipv6_cidr_blocks": [],
                "prefix_list_ids": [],
                "protocol": "tcp",
                "security_groups": [
                  "sg-00307d1f9d11021d4"
                ],
                "self": false,
                "to_port": 22
              }
            ],
            "name": "DBServerSG",
            "name_prefix": null,
            "owner_id": "018874676986",
            "revoke_rules_on_delete": false,
            "tags": {
              "Name": "SG-DBServer"
            },
            "timeouts": null,
            "vpc_id": "vpc-0acc24fe745a8886b"
          },
          "private": "eyJlMmJmYjczMC1lY2FhLTExZTYtOGY4OC0zNDM2M2JjN2M0YzAiOnsiY3JlYXRlIjo2MDAwMDAwMDAwMDAsImRlbGV0ZSI6NjAwMDAwMDAwMDAwfSwic2NoZW1hX3ZlcnNpb24iOiIxIn0=",
          "dependencies": [
            "aws_security_group.WebserverSG",
            "aws_security_group.bastionhostSG",
            "aws_vpc.vpc"
          ]
        }
      ]
    },
    {
      "mode": "managed",
      "type": "aws_security_group",
      "name": "LoadBalancerSG",
      "provider": "provider.aws",
      "instances": [
        {
          "schema_version": 1,
          "attributes": {
            "arn": "arn:aws:ec2:us-east-1:018874676986:security-group/sg-0671bb4e413f13a7a",
            "description": "Security group for load-balancers",
            "egress": [
              {
                "cidr_blocks": [],
                "description": "",
                "from_port": 443,
                "ipv6_cidr_blocks": [],
                "prefix_list_ids": [],
                "protocol": "tcp",
                "security_groups": [
                  "sg-09f6e0c09d820a1cb"
                ],
                "self": false,
                "to_port": 443
              },
              {
                "cidr_blocks": [],
                "description": "",
                "from_port": 80,
                "ipv6_cidr_blocks": [],
                "prefix_list_ids": [],
                "protocol": "tcp",
                "security_groups": [
                  "sg-09f6e0c09d820a1cb"
                ],
                "self": false,
                "to_port": 80
              }
            ],
            "id": "sg-0671bb4e413f13a7a",
            "ingress": [
              {
                "cidr_blocks": [
                  "0.0.0.0/0"
                ],
                "description": "Allow incoming HTTP traffic from anywhere",
                "from_port": 80,
                "ipv6_cidr_blocks": [],
                "prefix_list_ids": [],
                "protocol": "tcp",
                "security_groups": [],
                "self": false,
                "to_port": 80
              },
              {
                "cidr_blocks": [
                  "0.0.0.0/0"
                ],
                "description": "Allow incoming HTTPS traffic from anywhere",
                "from_port": 443,
                "ipv6_cidr_blocks": [],
                "prefix_list_ids": [],
                "protocol": "tcp",
                "security_groups": [],
                "self": false,
                "to_port": 443
              }
            ],
            "name": "LoadBalancerSG",
            "name_prefix": null,
            "owner_id": "018874676986",
            "revoke_rules_on_delete": false,
            "tags": {
              "Name": "SG-Loadbalancer"
            },
            "timeouts": null,
            "vpc_id": "vpc-0acc24fe745a8886b"
          },
          "private": "eyJlMmJmYjczMC1lY2FhLTExZTYtOGY4OC0zNDM2M2JjN2M0YzAiOnsiY3JlYXRlIjo2MDAwMDAwMDAwMDAsImRlbGV0ZSI6NjAwMDAwMDAwMDAwfSwic2NoZW1hX3ZlcnNpb24iOiIxIn0=",
          "dependencies": [
            "aws_security_group.WebserverSG",
            "aws_security_group.bastionhostSG",
            "aws_vpc.vpc"
          ]
        }
      ]
    },
    {
      "mode": "managed",
      "type": "aws_security_group",
      "name": "WebserverSG",
      "provider": "provider.aws",
      "instances": [
        {
          "schema_version": 1,
          "attributes": {
            "arn": "arn:aws:ec2:us-east-1:018874676986:security-group/sg-09f6e0c09d820a1cb",
            "description": "Security group for webservers",
            "egress": [
              {
                "cidr_blocks": [],
                "description": "",
                "from_port": 0,
                "ipv6_cidr_blocks": [],
                "prefix_list_ids": [],
                "protocol": "-1",
                "security_groups": [],
                "self": true,
                "to_port": 0
              },
              {
                "cidr_blocks": [],
                "description": "",
                "from_port": 3128,
                "ipv6_cidr_blocks": [],
                "prefix_list_ids": [],
                "protocol": "tcp",
                "security_groups": [
                  "sg-00307d1f9d11021d4"
                ],
                "self": false,
                "to_port": 3128
              }
            ],
            "id": "sg-09f6e0c09d820a1cb",
            "ingress": [
              {
                "cidr_blocks": [],
                "description": "Allow incoming ICMP from management IPs",
                "from_port": -1,
                "ipv6_cidr_blocks": [],
                "prefix_list_ids": [],
                "protocol": "icmp",
                "security_groups": [
                  "sg-00307d1f9d11021d4"
                ],
                "self": false,
                "to_port": -1
              },
              {
                "cidr_blocks": [],
                "description": "Allow incoming SSH traffic from Bastion Host",
                "from_port": 22,
                "ipv6_cidr_blocks": [],
                "prefix_list_ids": [],
                "protocol": "tcp",
                "security_groups": [
                  "sg-00307d1f9d11021d4"
                ],
                "self": false,
                "to_port": 22
              }
            ],
            "name": "WebserverSG",
            "name_prefix": null,
            "owner_id": "018874676986",
            "revoke_rules_on_delete": false,
            "tags": {
              "Name": "SG-WebServer"
            },
            "timeouts": null,
            "vpc_id": "vpc-0acc24fe745a8886b"
          },
          "private": "eyJlMmJmYjczMC1lY2FhLTExZTYtOGY4OC0zNDM2M2JjN2M0YzAiOnsiY3JlYXRlIjo2MDAwMDAwMDAwMDAsImRlbGV0ZSI6NjAwMDAwMDAwMDAwfSwic2NoZW1hX3ZlcnNpb24iOiIxIn0=",
          "dependencies": [
            "aws_security_group.bastionhostSG",
            "aws_vpc.vpc"
          ]
        }
      ]
    },
    {
      "mode": "managed",
      "type": "aws_security_group",
      "name": "bastionhostSG",
      "provider": "provider.aws",
      "instances": [
        {
          "schema_version": 1,
          "attributes": {
            "arn": "arn:aws:ec2:us-east-1:018874676986:security-group/sg-00307d1f9d11021d4",
            "description": "Security group for bastion hosts",
            "egress": [
              {
                "cidr_blocks": [
                  "0.0.0.0/0"
                ],
                "description": "Allow all outgoing traffic",
                "from_port": 0,
                "ipv6_cidr_blocks": [],
                "prefix_list_ids": [],
                "protocol": "-1",
                "security_groups": [],
                "self": false,
                "to_port": 0
              }
            ],
            "id": "sg-00307d1f9d11021d4",
            "ingress": [
              {
                "cidr_blocks": [
                  "0.0.0.0/0"
                ],
                "description": "Allow incoming ICMP from management IPs",
                "from_port": -1,
                "ipv6_cidr_blocks": [],
                "prefix_list_ids": [],
                "protocol": "icmp",
                "security_groups": [],
                "self": false,
                "to_port": -1
              },
              {
                "cidr_blocks": [
                  "0.0.0.0/0"
                ],
                "description": "Allow incoming SSH from management IPs",
                "from_port": 22,
                "ipv6_cidr_blocks": [],
                "prefix_list_ids": [],
                "protocol": "tcp",
                "security_groups": [],
                "self": false,
                "to_port": 22
              }
            ],
            "name": "BastionHostSG",
            "name_prefix": null,
            "owner_id": "018874676986",
            "revoke_rules_on_delete": false,
            "tags": {
              "Name": "SG-Bastionhost"
            },
            "timeouts": null,
            "vpc_id": "vpc-0acc24fe745a8886b"
          },
          "private": "eyJlMmJmYjczMC1lY2FhLTExZTYtOGY4OC0zNDM2M2JjN2M0YzAiOnsiY3JlYXRlIjo2MDAwMDAwMDAwMDAsImRlbGV0ZSI6NjAwMDAwMDAwMDAwfSwic2NoZW1hX3ZlcnNpb24iOiIxIn0=",
          "dependencies": [
            "aws_vpc.vpc"
          ]
        }
      ]
    },
    {
      "mode": "managed",
      "type": "aws_security_group_rule",
      "name": "dbproxyaccess",
      "provider": "provider.aws",
      "instances": [
        {
          "schema_version": 2,
          "attributes": {
            "cidr_blocks": null,
            "description": "Allow Squid proxy access from database servers",
            "from_port": 3128,
            "id": "sgrule-4114351422",
            "ipv6_cidr_blocks": null,
            "prefix_list_ids": null,
            "protocol": "tcp",
            "security_group_id": "sg-00307d1f9d11021d4",
            "self": false,
            "source_security_group_id": "sg-0046c8ca7a255ed81",
            "to_port": 3128,
            "type": "ingress"
          },
          "private": "eyJzY2hlbWFfdmVyc2lvbiI6IjIifQ==",
          "dependencies": [
            "aws_security_group.DBServerSG",
            "aws_security_group.WebserverSG",
            "aws_security_group.bastionhostSG",
            "aws_vpc.vpc"
          ]
        }
      ]
    },
    {
      "mode": "managed",
      "type": "aws_security_group_rule",
      "name": "lbhttpaccess",
      "provider": "provider.aws",
      "instances": [
        {
          "schema_version": 2,
          "attributes": {
            "cidr_blocks": null,
            "description": "Allow Squid proxy access from loadbalancers",
            "from_port": 80,
            "id": "sgrule-249654880",
            "ipv6_cidr_blocks": null,
            "prefix_list_ids": null,
            "protocol": "tcp",
            "security_group_id": "sg-09f6e0c09d820a1cb",
            "self": false,
            "source_security_group_id": "sg-0671bb4e413f13a7a",
            "to_port": 80,
            "type": "ingress"
          },
          "private": "eyJzY2hlbWFfdmVyc2lvbiI6IjIifQ==",
          "dependencies": [
            "aws_security_group.LoadBalancerSG",
            "aws_security_group.WebserverSG",
            "aws_security_group.bastionhostSG",
            "aws_vpc.vpc"
          ]
        }
      ]
    },
    {
      "mode": "managed",
      "type": "aws_security_group_rule",
      "name": "lbhttpsaccess",
      "provider": "provider.aws",
      "instances": [
        {
          "schema_version": 2,
          "attributes": {
            "cidr_blocks": null,
            "description": "Allow Squid proxy access from loadbalancers",
            "from_port": 443,
            "id": "sgrule-1394390808",
            "ipv6_cidr_blocks": null,
            "prefix_list_ids": null,
            "protocol": "tcp",
            "security_group_id": "sg-09f6e0c09d820a1cb",
            "self": false,
            "source_security_group_id": "sg-0671bb4e413f13a7a",
            "to_port": 443,
            "type": "ingress"
          },
          "private": "eyJzY2hlbWFfdmVyc2lvbiI6IjIifQ==",
          "dependencies": [
            "aws_security_group.LoadBalancerSG",
            "aws_security_group.WebserverSG",
            "aws_security_group.bastionhostSG",
            "aws_vpc.vpc"
          ]
        }
      ]
    },
    {
      "mode": "managed",
      "type": "aws_security_group_rule",
      "name": "webproxyaccess",
      "provider": "provider.aws",
      "instances": [
        {
          "schema_version": 2,
          "attributes": {
            "cidr_blocks": null,
            "description": "Allow Squid proxy access from webservers",
            "from_port": 3128,
            "id": "sgrule-1165097919",
            "ipv6_cidr_blocks": null,
            "prefix_list_ids": null,
            "protocol": "tcp",
            "security_group_id": "sg-00307d1f9d11021d4",
            "self": false,
            "source_security_group_id": "sg-09f6e0c09d820a1cb",
            "to_port": 3128,
            "type": "ingress"
          },
          "private": "eyJzY2hlbWFfdmVyc2lvbiI6IjIifQ==",
          "dependencies": [
            "aws_security_group.WebserverSG",
            "aws_security_group.bastionhostSG",
            "aws_vpc.vpc"
          ]
        }
      ]
    },
    {
      "mode": "managed",
      "type": "aws_subnet",
      "name": "private-db-az-a",
      "provider": "provider.aws",
      "instances": [
        {
          "schema_version": 1,
          "attributes": {
            "arn": "arn:aws:ec2:us-east-1:018874676986:subnet/subnet-0c68a778b8822697d",
            "assign_ipv6_address_on_creation": false,
            "availability_zone": "us-east-1a",
            "availability_zone_id": "use1-az2",
            "cidr_block": "10.0.3.0/24",
            "id": "subnet-0c68a778b8822697d",
            "ipv6_cidr_block": "",
            "ipv6_cidr_block_association_id": "",
            "map_public_ip_on_launch": false,
            "owner_id": "018874676986",
            "tags": {
              "Name": "Subnet-US-East-1a-DB"
            },
            "timeouts": null,
            "vpc_id": "vpc-0acc24fe745a8886b"
          },
          "private": "eyJlMmJmYjczMC1lY2FhLTExZTYtOGY4OC0zNDM2M2JjN2M0YzAiOnsiY3JlYXRlIjo2MDAwMDAwMDAwMDAsImRlbGV0ZSI6MTIwMDAwMDAwMDAwMH0sInNjaGVtYV92ZXJzaW9uIjoiMSJ9",
          "dependencies": [
            "aws_vpc.vpc"
          ]
        }
      ]
    },
    {
      "mode": "managed",
      "type": "aws_subnet",
      "name": "private-db-az-b",
      "provider": "provider.aws",
      "instances": [
        {
          "schema_version": 1,
          "attributes": {
            "arn": "arn:aws:ec2:us-east-1:018874676986:subnet/subnet-0be825e0215f000b2",
            "assign_ipv6_address_on_creation": false,
            "availability_zone": "us-east-1b",
            "availability_zone_id": "use1-az4",
            "cidr_block": "10.0.4.0/24",
            "id": "subnet-0be825e0215f000b2",
            "ipv6_cidr_block": "",
            "ipv6_cidr_block_association_id": "",
            "map_public_ip_on_launch": false,
            "owner_id": "018874676986",
            "tags": {
              "Name": "Subnet-US-East-1b-DB"
            },
            "timeouts": null,
            "vpc_id": "vpc-0acc24fe745a8886b"
          },
          "private": "eyJlMmJmYjczMC1lY2FhLTExZTYtOGY4OC0zNDM2M2JjN2M0YzAiOnsiY3JlYXRlIjo2MDAwMDAwMDAwMDAsImRlbGV0ZSI6MTIwMDAwMDAwMDAwMH0sInNjaGVtYV92ZXJzaW9uIjoiMSJ9",
          "dependencies": [
            "aws_vpc.vpc"
          ]
        }
      ]
    },
    {
      "mode": "managed",
      "type": "aws_subnet",
      "name": "public-web-az-a",
      "provider": "provider.aws",
      "instances": [
        {
          "schema_version": 1,
          "attributes": {
            "arn": "arn:aws:ec2:us-east-1:018874676986:subnet/subnet-032c1fe3d4929541e",
            "assign_ipv6_address_on_creation": false,
            "availability_zone": "us-east-1a",
            "availability_zone_id": "use1-az2",
            "cidr_block": "10.0.1.0/24",
            "id": "subnet-032c1fe3d4929541e",
            "ipv6_cidr_block": "",
            "ipv6_cidr_block_association_id": "",
            "map_public_ip_on_launch": true,
            "owner_id": "018874676986",
            "tags": {
              "Name": "Subnet-US-East-1a-Web"
            },
            "timeouts": null,
            "vpc_id": "vpc-0acc24fe745a8886b"
          },
          "private": "eyJlMmJmYjczMC1lY2FhLTExZTYtOGY4OC0zNDM2M2JjN2M0YzAiOnsiY3JlYXRlIjo2MDAwMDAwMDAwMDAsImRlbGV0ZSI6MTIwMDAwMDAwMDAwMH0sInNjaGVtYV92ZXJzaW9uIjoiMSJ9",
          "dependencies": [
            "aws_vpc.vpc"
          ]
        }
      ]
    },
    {
      "mode": "managed",
      "type": "aws_subnet",
      "name": "public-web-az-b",
      "provider": "provider.aws",
      "instances": [
        {
          "schema_version": 1,
          "attributes": {
            "arn": "arn:aws:ec2:us-east-1:018874676986:subnet/subnet-02d639220d7a672e6",
            "assign_ipv6_address_on_creation": false,
            "availability_zone": "us-east-1b",
            "availability_zone_id": "use1-az4",
            "cidr_block": "10.0.2.0/24",
            "id": "subnet-02d639220d7a672e6",
            "ipv6_cidr_block": "",
            "ipv6_cidr_block_association_id": "",
            "map_public_ip_on_launch": true,
            "owner_id": "018874676986",
            "tags": {
              "Name": "Subnet-US-East-1b-Web"
            },
            "timeouts": null,
            "vpc_id": "vpc-0acc24fe745a8886b"
          },
          "private": "eyJlMmJmYjczMC1lY2FhLTExZTYtOGY4OC0zNDM2M2JjN2M0YzAiOnsiY3JlYXRlIjo2MDAwMDAwMDAwMDAsImRlbGV0ZSI6MTIwMDAwMDAwMDAwMH0sInNjaGVtYV92ZXJzaW9uIjoiMSJ9",
          "dependencies": [
            "aws_vpc.vpc"
          ]
        }
      ]
    },
    {
      "mode": "managed",
      "type": "aws_vpc",
      "name": "vpc",
      "provider": "provider.aws",
      "instances": [
        {
          "schema_version": 1,
          "attributes": {
            "arn": "arn:aws:ec2:us-east-1:018874676986:vpc/vpc-0acc24fe745a8886b",
            "assign_generated_ipv6_cidr_block": false,
            "cidr_block": "10.0.0.0/16",
            "default_network_acl_id": "acl-08e2d38a237850a9e",
            "default_route_table_id": "rtb-0fedb1286abb067cc",
            "default_security_group_id": "sg-08e4ba17473a53286",
            "dhcp_options_id": "dopt-1b3c3760",
            "enable_classiclink": false,
            "enable_classiclink_dns_support": false,
            "enable_dns_hostnames": true,
            "enable_dns_support": true,
            "id": "vpc-0acc24fe745a8886b",
            "instance_tenancy": "default",
            "ipv6_association_id": "",
            "ipv6_cidr_block": "",
            "main_route_table_id": "rtb-0fedb1286abb067cc",
            "owner_id": "018874676986",
            "tags": {
              "Name": "VPC-DEV"
            }
          },
          "private": "eyJzY2hlbWFfdmVyc2lvbiI6IjEifQ=="
        }
      ]
    },
    {
      "mode": "managed",
      "type": "tls_private_key",
      "name": "privkey",
      "provider": "provider.tls",
      "instances": [
        {
          "schema_version": 0,
          "attributes": {
            "algorithm": "RSA",
            "ecdsa_curve": "P224",
            "id": "894a4e9aa476852251ef0a1b6df477076890bf15",
            "private_key_pem": "-----BEGIN RSA PRIVATE KEY-----\nMIIJJwIBAAKCAgEAsBHNPI6uL2yhtHsQwSWMgrECMWsJFiDwv6Z5ppd8qmkrvhNy\nP2VMrz6qwz2I8tP89A7CyhSjNJAK1n4To1n1Cd5RU+ngvY+mBl1jKVVhowfEq/jz\nsZIvA7uksKPwKY7jyEoIcNXcX00SKZJISmZs/t9iSk07SUJ1oA9WRN4rraPdo9+j\nQMYWg+mVJk9iCI89ISN9X5IdI6LlEybljJuXYji5tDs0KIMQGhIPNQJViV6TTbvW\ncYbe8ktLcCEV3QTPqXQbIkTRtAN6d8L3C+ZP8bubZqJKVDmziOe9Ze2fvotUsZjo\nPUQRF/KU96E1bbRFlgZFFzmUFhRBvp+4ZUAUzM9Wp4rJ9rHbRHCnXIkN7QPg2Baa\nRFiHYn9iD0i56/obnDq3IlN8s0LN/4jHKg0l1n1pg8YMR0hfQnG8fsL6YQmRxdN4\nsud8iUB24fLLD29DK3eeT/l/CNPUwz+nqa63rtE8k6ys9fVOBRt4OlYB2iXdjXMZ\nBT4hs4jzcppQiDSns80uVYPhbq3N/zBlvlNIo9ekj6F/aPP0IDJSWGkzZoDa0PRh\n8Fi7XdQ9uxSIY6h1y76yeqMMILxHu+tx00ZcxhdDTRoxF1+V5PqsEYPbD49ylQrw\n4ITSMVvrTnOZLnHWRskAeFZ6kyg7dy16ZRt9YS8w3+j4/pOz7EkrbZIDFu8CAwEA\nAQKCAgBcBTHK0Jdg2dm5xgf/qmxBcdm/kj1xf03UHGHAG7RgLA9cjDVNxNfLT2lY\nGTUWFI1D0OMlUpvpwM6pQ8NnwIA85CCFRtrat9UBxpUo6SLaXhj/+GEFEW3Y+Z0d\nZNEEJ1YNPAQlVOCUPmebqoR1vgqBOqbYRn0R0NZBDUL9Q1B4tAgGub9M/zqNPutg\n1mRaLOK6Cx5fcLIiCeTHmbCnSDpab2M/OyILelRUC9Q+1DV4UiGSovV06BRldcy7\nkc8ncHhIDBKSWn1vI9JB/Xe4lGp74J1bir5mPrICf3uRZhvzLkbZex0FyClW5sXM\nlkiiSXGE80nw1Xr7/yJNSpTI9jDn6/GGPjSvNWppTGM2q4z1YFyX+FbtLA1Xajjj\nSVHsQgyVe+MThXlQEgm9YFTckndpIMQoIscVvnRA83P7tJz7dyYpzoSZwIKBbbu4\n5JihJHcPmIoPtozeTyxk3iV+CqJx9/5Xf2M6IG0U0IYA6Ng3kl+JeS5omcRgM8H4\nyL2t0DWSYlYT5QV2D/rjGYzx4FVuHCz/YvwSbGgPj59z5oJdPUTfaMuMNiRP5R+u\nwgYpTi4PuiAQ/K0oO5Y4brKh3/M6GDIqVLopONMZIYWpXLGUypMBPYc81VayHy4f\n8TkjLtAG2F3u42jG0M9JeheWuvxXGBcZCLv7NA2kgJo5Wc2B4QKCAQEAzHs3xcPJ\nQVqVLcQ8ZOvfNke15/FfcabA7JpnqmukUizgj0iYJl1oWodPExWgP7yc05fSMyRZ\nK0DaGKgvWMnO6fOwxVxpB8/9Ej81EnEbUZJi5kQUC6uGS6qz8B4figUqCjrbWsyc\nih/BaHkNxXQ0mwMv3zTa9y9rB1ssm8udAC9lyRJOjyeTv4Mj6SPt1/rpJwLK13r5\nMptqQbN2PCfjf4w0YRmuNYcR5bWDW7rSTTR6px8sCn4JOf0T1d1BW4eZwgmkP8nL\nh0I1gPUkMqfJqu4CZh6VkUaJ9pywTyoJQA6O/MSofPcufCVO9NuzJjdTDcuo+Jjb\n8s9J8/x4oMTPEwKCAQEA3G4PefaPqYhCB7Btylugdp2lNbGNfk/ohR15nynqHIVa\nWrz2KB+UfIRmLrQaQ+OnFOWv96lakK6ZzFoBFSkBqixwrnR63XW0Jlihixs3+Mwb\npuUowtTRovX7Ba0k+V/SVuTnbFBjb7sYdR7pucWE77L2szF+Ma7aVpaJD4qjxOcF\nOEZQPOo0ODfhInwOYwiAaRjoZT3i4aVGVxyZmoHm66WDsHf3BqZOEtQ+hoLNgTpW\nM/LFk6LVOUwIGoUrUxoZJNn5KYjih12vnstxrep3CmXPqGAhx7iub+sZrX/iUTyZ\nY/rxabRYrAp7BeDZV4ThlQRXy8ZwqC5xfuXgUFnoNQKCAQEAt7eVWogX0DIUijQf\nlwUdXWV8mFITUMdj2rC3pzRjRLmxYMr2eLG/ymZ7s0fg3KMXvDxRzUVBIE16JmEl\neP6Ie0ZJcmkerLhARh6oDlO1GcsONJjB8eJAHMfYN0q5R4ZwSRSsdJ4Vnzv8x2LL\n7rYDdaqdXkvc1+2wmcFfCPMdskbjio56KsCCTLUElLmFPmHfDP/DQ2rnboKYK0OU\nXWPxUG2lugAat1kNyXcV+FqYDGm0MWceaKbon0M0iRfrWtMwYFfNTMp/pJzl+WFH\nDoQV+w8w9JNSCl54IiyRc+7utLDf41bFktF64Guczv59rT5TzrdGr2SXaUa4yQ/z\nSW7KJQKCAQEAg3r2qkYCbRoEYLfA1SoQLZBcwgk1H7mkNPpe2CxVI0v7mBIMNeSY\nWilTFdqBrCr3N0TF0FDo31H2FOk+qhN6lbnKQJTj0ILrwM+vE91ZZoLAn60iwgvV\nO4HDiCA95K1eNkx1KatNlJChxwJ4YUHKyHsUIdCMuC/Wtj02ZdnJU6KE/4sZQyxj\nl4DlPf+HSVUB2y5rODBQy00dBsrdaEbBqZ9hTHpSE1pRSXPmE6+jysg0MOpHJYfD\n7VhHoSH7tKblhpCpyTeH/zxHi81H8nffJ4mQ8prcq1eiXMl72HxmTxR5XiSJqQZU\nudHKjbgPi9+L+qnLgJXODtMdCZcuVF88XQKB/zuAnzTvCl2ZchoUkShz3GytlmcW\nZiEKqCgSQB4TBQaC/McaYXALa3qhMwx6h6NK640hpDbVp2y1Jz8Yn2cTWCwZKX/q\niN7fID5FdTSG1i4HptwUSfcoI+yvVHS8L1EnJIEvWA732lbwpUHfsxHfSdwcKBvV\nLsob8LUOrqvvS30hmrfh9sCmwYBCNNudXTM5472I1S/0pAakz2yhzp6v1vrxCxMj\nsAtZGStOvpQ4JfDPLBuEYpQo8Mcz/Q4PksLYlHD29mjoj7Zbf8LPRKwz0//XZqtG\n032GGYbUvh/XatWYaGo3T/MChmaPeEXEXBo2CiIJEpK9NTsvAnAEfE9odw==\n-----END RSA PRIVATE KEY-----\n",
            "public_key_fingerprint_md5": "fa:fe:01:0f:5b:53:9e:a2:aa:f9:90:1d:5a:ad:92:57",
            "public_key_openssh": "ssh-rsa AAAAB3NzaC1yc2EAAAADAQABAAACAQCwEc08jq4vbKG0exDBJYyCsQIxawkWIPC/pnmml3yqaSu+E3I/ZUyvPqrDPYjy0/z0DsLKFKM0kArWfhOjWfUJ3lFT6eC9j6YGXWMpVWGjB8Sr+POxki8Du6Swo/ApjuPISghw1dxfTRIpkkhKZmz+32JKTTtJQnWgD1ZE3iuto92j36NAxhaD6ZUmT2IIjz0hI31fkh0jouUTJuWMm5diOLm0OzQogxAaEg81AlWJXpNNu9Zxht7yS0twIRXdBM+pdBsiRNG0A3p3wvcL5k/xu5tmokpUObOI571l7Z++i1SxmOg9RBEX8pT3oTVttEWWBkUXOZQWFEG+n7hlQBTMz1anisn2sdtEcKdciQ3tA+DYFppEWIdif2IPSLnr+hucOrciU3yzQs3/iMcqDSXWfWmDxgxHSF9Ccbx+wvphCZHF03iy53yJQHbh8ssPb0Mrd55P+X8I09TDP6eprreu0TyTrKz19U4FG3g6VgHaJd2NcxkFPiGziPNymlCINKezzS5Vg+Furc3/MGW+U0ij16SPoX9o8/QgMlJYaTNmgNrQ9GHwWLtd1D27FIhjqHXLvrJ6owwgvEe763HTRlzGF0NNGjEXX5Xk+qwRg9sPj3KVCvDghNIxW+tOc5kucdZGyQB4VnqTKDt3LXplG31hLzDf6Pj+k7PsSSttkgMW7w==\n",
            "public_key_pem": "-----BEGIN PUBLIC KEY-----\nMIICIjANBgkqhkiG9w0BAQEFAAOCAg8AMIICCgKCAgEAsBHNPI6uL2yhtHsQwSWM\ngrECMWsJFiDwv6Z5ppd8qmkrvhNyP2VMrz6qwz2I8tP89A7CyhSjNJAK1n4To1n1\nCd5RU+ngvY+mBl1jKVVhowfEq/jzsZIvA7uksKPwKY7jyEoIcNXcX00SKZJISmZs\n/t9iSk07SUJ1oA9WRN4rraPdo9+jQMYWg+mVJk9iCI89ISN9X5IdI6LlEybljJuX\nYji5tDs0KIMQGhIPNQJViV6TTbvWcYbe8ktLcCEV3QTPqXQbIkTRtAN6d8L3C+ZP\n8bubZqJKVDmziOe9Ze2fvotUsZjoPUQRF/KU96E1bbRFlgZFFzmUFhRBvp+4ZUAU\nzM9Wp4rJ9rHbRHCnXIkN7QPg2BaaRFiHYn9iD0i56/obnDq3IlN8s0LN/4jHKg0l\n1n1pg8YMR0hfQnG8fsL6YQmRxdN4sud8iUB24fLLD29DK3eeT/l/CNPUwz+nqa63\nrtE8k6ys9fVOBRt4OlYB2iXdjXMZBT4hs4jzcppQiDSns80uVYPhbq3N/zBlvlNI\no9ekj6F/aPP0IDJSWGkzZoDa0PRh8Fi7XdQ9uxSIY6h1y76yeqMMILxHu+tx00Zc\nxhdDTRoxF1+V5PqsEYPbD49ylQrw4ITSMVvrTnOZLnHWRskAeFZ6kyg7dy16ZRt9\nYS8w3+j4/pOz7EkrbZIDFu8CAwEAAQ==\n-----END PUBLIC KEY-----\n",
            "rsa_bits": 4096
          },
          "private": "bnVsbA=="
        }
      ]
    }
  ]
}
